{
  "version": "4",
  "specifiers": {
    "jsr:@oak/commons@1": "1.0.0",
    "jsr:@oak/oak@*": "17.1.4",
    "jsr:@oak/oak@^17.1.4": "17.1.4",
    "jsr:@std/assert@1": "1.0.11",
    "jsr:@std/assert@^1.0.11": "1.0.11",
    "jsr:@std/bytes@1": "1.0.5",
    "jsr:@std/crypto@1": "1.0.4",
    "jsr:@std/encoding@1": "1.0.7",
    "jsr:@std/encoding@^1.0.7": "1.0.7",
    "jsr:@std/fmt@^1.0.6": "1.0.6",
    "jsr:@std/http@1": "1.0.13",
    "jsr:@std/internal@^1.0.5": "1.0.5",
    "jsr:@std/media-types@1": "1.1.0",
    "jsr:@std/media-types@^1.1.0": "1.1.0",
    "jsr:@std/path@1": "1.0.8",
    "jsr:@std/yaml@^1.0.5": "1.0.5",
    "npm:@deno/kv@0.10": "0.10.0",
    "npm:@types/node@*": "22.12.0",
    "npm:path-to-regexp@^6.3.0": "6.3.0",
    "npm:vitest@*": "3.0.8_@types+node@22.12.0_vite@6.2.2__@types+node@22.12.0"
  },
  "jsr": {
    "@oak/commons@1.0.0": {
      "integrity": "49805b55603c3627a9d6235c0655aa2b6222d3036b3a13ff0380c16368f607ac",
      "dependencies": [
        "jsr:@std/assert@1",
        "jsr:@std/bytes",
        "jsr:@std/crypto",
        "jsr:@std/encoding@1",
        "jsr:@std/http",
        "jsr:@std/media-types@1"
      ]
    },
    "@oak/oak@17.1.4": {
      "integrity": "60530b582bf276ff741e39cc664026781aa08dd5f2bc5134d756cc427bf2c13e",
      "dependencies": [
        "jsr:@oak/commons",
        "jsr:@std/assert@1",
        "jsr:@std/bytes",
        "jsr:@std/http",
        "jsr:@std/media-types@1",
        "jsr:@std/path",
        "npm:path-to-regexp"
      ]
    },
    "@std/assert@1.0.11": {
      "integrity": "2461ef3c368fe88bc60e186e7744a93112f16fd110022e113a0849e94d1c83c1",
      "dependencies": [
        "jsr:@std/internal"
      ]
    },
    "@std/bytes@1.0.5": {
      "integrity": "4465dd739d7963d964c809202ebea6d5c6b8e3829ef25c6a224290fbb8a1021e"
    },
    "@std/crypto@1.0.4": {
      "integrity": "cee245c453bd5366207f4d8aa25ea3e9c86cecad2be3fefcaa6cb17203d79340"
    },
    "@std/encoding@1.0.7": {
      "integrity": "f631247c1698fef289f2de9e2a33d571e46133b38d042905e3eac3715030a82d"
    },
    "@std/fmt@1.0.6": {
      "integrity": "a2c56a69a2369876ddb3ad6a500bb6501b5bad47bb3ea16bfb0c18974d2661fc"
    },
    "@std/http@1.0.13": {
      "integrity": "d29618b982f7ae44380111f7e5b43da59b15db64101198bb5f77100d44eb1e1e",
      "dependencies": [
        "jsr:@std/encoding@^1.0.7"
      ]
    },
    "@std/internal@1.0.5": {
      "integrity": "54a546004f769c1ac9e025abd15a76b6671ddc9687e2313b67376125650dc7ba"
    },
    "@std/media-types@1.1.0": {
      "integrity": "c9d093f0c05c3512932b330e3cc1fe1d627b301db33a4c2c2185c02471d6eaa4"
    },
    "@std/path@1.0.8": {
      "integrity": "548fa456bb6a04d3c1a1e7477986b6cffbce95102d0bb447c67c4ee70e0364be"
    },
    "@std/yaml@1.0.5": {
      "integrity": "71ba3d334305ee2149391931508b2c293a8490f94a337eef3a09cade1a2a2742"
    }
  },
  "npm": {
    "@deno/kv-darwin-arm64@0.10.0": {
      "integrity": "sha512-A3ZlAtDwustZDPG7F2quF0PLn18qagGdRP7BynaRdyMvbQRZFKODg2MBjtRJIoaDnbodbprnyxFNwIKKHTEgXg=="
    },
    "@deno/kv-darwin-x64@0.10.0": {
      "integrity": "sha512-olIc2rVGat+CdVc4sAoCnaCht3072+Y87rNA3RVDlHSdCf/lCA/72rKHkhLnr2N0NDaZuObgez0q5dlnG81Hvg=="
    },
    "@deno/kv-linux-x64-gnu@0.10.0": {
      "integrity": "sha512-WruhVdvLQmy/IbawcRQlqvqd7ieUbZnKU/0Cxy0y4LXwPQ9SBHeUG6U0YI6+4gN+q26GXBnifEQv6e6ocqS9Qg=="
    },
    "@deno/kv-win32-x64-msvc@0.10.0": {
      "integrity": "sha512-7l9rlxS7KERpnRSXGoot+zXBeaDt4Dt+LShTva+XwuYqQstnxTuo0xLNzt36+nYHtMeVGCxZUzwQFCNp8686Sw=="
    },
    "@deno/kv@0.10.0": {
      "integrity": "sha512-fbQFYsWvTbyjj6QhXOXFzb3AaMuStOTgUQvgoHf0bJ2s8csklV4V5NkGvi/aNH3uqmduYw+LULz9pPerpiwNfA==",
      "dependencies": [
        "@deno/kv-darwin-arm64",
        "@deno/kv-darwin-x64",
        "@deno/kv-linux-x64-gnu",
        "@deno/kv-win32-x64-msvc"
      ]
    },
    "@esbuild/aix-ppc64@0.25.1": {
      "integrity": "sha512-kfYGy8IdzTGy+z0vFGvExZtxkFlA4zAxgKEahG9KE1ScBjpQnFsNOX8KTU5ojNru5ed5CVoJYXFtoxaq5nFbjQ=="
    },
    "@esbuild/android-arm64@0.25.1": {
      "integrity": "sha512-50tM0zCJW5kGqgG7fQ7IHvQOcAn9TKiVRuQ/lN0xR+T2lzEFvAi1ZcS8DiksFcEpf1t/GYOeOfCAgDHFpkiSmA=="
    },
    "@esbuild/android-arm@0.25.1": {
      "integrity": "sha512-dp+MshLYux6j/JjdqVLnMglQlFu+MuVeNrmT5nk6q07wNhCdSnB7QZj+7G8VMUGh1q+vj2Bq8kRsuyA00I/k+Q=="
    },
    "@esbuild/android-x64@0.25.1": {
      "integrity": "sha512-GCj6WfUtNldqUzYkN/ITtlhwQqGWu9S45vUXs7EIYf+7rCiiqH9bCloatO9VhxsL0Pji+PF4Lz2XXCES+Q8hDw=="
    },
    "@esbuild/darwin-arm64@0.25.1": {
      "integrity": "sha512-5hEZKPf+nQjYoSr/elb62U19/l1mZDdqidGfmFutVUjjUZrOazAtwK+Kr+3y0C/oeJfLlxo9fXb1w7L+P7E4FQ=="
    },
    "@esbuild/darwin-x64@0.25.1": {
      "integrity": "sha512-hxVnwL2Dqs3fM1IWq8Iezh0cX7ZGdVhbTfnOy5uURtao5OIVCEyj9xIzemDi7sRvKsuSdtCAhMKarxqtlyVyfA=="
    },
    "@esbuild/freebsd-arm64@0.25.1": {
      "integrity": "sha512-1MrCZs0fZa2g8E+FUo2ipw6jw5qqQiH+tERoS5fAfKnRx6NXH31tXBKI3VpmLijLH6yriMZsxJtaXUyFt/8Y4A=="
    },
    "@esbuild/freebsd-x64@0.25.1": {
      "integrity": "sha512-0IZWLiTyz7nm0xuIs0q1Y3QWJC52R8aSXxe40VUxm6BB1RNmkODtW6LHvWRrGiICulcX7ZvyH6h5fqdLu4gkww=="
    },
    "@esbuild/linux-arm64@0.25.1": {
      "integrity": "sha512-jaN3dHi0/DDPelk0nLcXRm1q7DNJpjXy7yWaWvbfkPvI+7XNSc/lDOnCLN7gzsyzgu6qSAmgSvP9oXAhP973uQ=="
    },
    "@esbuild/linux-arm@0.25.1": {
      "integrity": "sha512-NdKOhS4u7JhDKw9G3cY6sWqFcnLITn6SqivVArbzIaf3cemShqfLGHYMx8Xlm/lBit3/5d7kXvriTUGa5YViuQ=="
    },
    "@esbuild/linux-ia32@0.25.1": {
      "integrity": "sha512-OJykPaF4v8JidKNGz8c/q1lBO44sQNUQtq1KktJXdBLn1hPod5rE/Hko5ugKKZd+D2+o1a9MFGUEIUwO2YfgkQ=="
    },
    "@esbuild/linux-loong64@0.25.1": {
      "integrity": "sha512-nGfornQj4dzcq5Vp835oM/o21UMlXzn79KobKlcs3Wz9smwiifknLy4xDCLUU0BWp7b/houtdrgUz7nOGnfIYg=="
    },
    "@esbuild/linux-mips64el@0.25.1": {
      "integrity": "sha512-1osBbPEFYwIE5IVB/0g2X6i1qInZa1aIoj1TdL4AaAb55xIIgbg8Doq6a5BzYWgr+tEcDzYH67XVnTmUzL+nXg=="
    },
    "@esbuild/linux-ppc64@0.25.1": {
      "integrity": "sha512-/6VBJOwUf3TdTvJZ82qF3tbLuWsscd7/1w+D9LH0W/SqUgM5/JJD0lrJ1fVIfZsqB6RFmLCe0Xz3fmZc3WtyVg=="
    },
    "@esbuild/linux-riscv64@0.25.1": {
      "integrity": "sha512-nSut/Mx5gnilhcq2yIMLMe3Wl4FK5wx/o0QuuCLMtmJn+WeWYoEGDN1ipcN72g1WHsnIbxGXd4i/MF0gTcuAjQ=="
    },
    "@esbuild/linux-s390x@0.25.1": {
      "integrity": "sha512-cEECeLlJNfT8kZHqLarDBQso9a27o2Zd2AQ8USAEoGtejOrCYHNtKP8XQhMDJMtthdF4GBmjR2au3x1udADQQQ=="
    },
    "@esbuild/linux-x64@0.25.1": {
      "integrity": "sha512-xbfUhu/gnvSEg+EGovRc+kjBAkrvtk38RlerAzQxvMzlB4fXpCFCeUAYzJvrnhFtdeyVCDANSjJvOvGYoeKzFA=="
    },
    "@esbuild/netbsd-arm64@0.25.1": {
      "integrity": "sha512-O96poM2XGhLtpTh+s4+nP7YCCAfb4tJNRVZHfIE7dgmax+yMP2WgMd2OecBuaATHKTHsLWHQeuaxMRnCsH8+5g=="
    },
    "@esbuild/netbsd-x64@0.25.1": {
      "integrity": "sha512-X53z6uXip6KFXBQ+Krbx25XHV/NCbzryM6ehOAeAil7X7oa4XIq+394PWGnwaSQ2WRA0KI6PUO6hTO5zeF5ijA=="
    },
    "@esbuild/openbsd-arm64@0.25.1": {
      "integrity": "sha512-Na9T3szbXezdzM/Kfs3GcRQNjHzM6GzFBeU1/6IV/npKP5ORtp9zbQjvkDJ47s6BCgaAZnnnu/cY1x342+MvZg=="
    },
    "@esbuild/openbsd-x64@0.25.1": {
      "integrity": "sha512-T3H78X2h1tszfRSf+txbt5aOp/e7TAz3ptVKu9Oyir3IAOFPGV6O9c2naym5TOriy1l0nNf6a4X5UXRZSGX/dw=="
    },
    "@esbuild/sunos-x64@0.25.1": {
      "integrity": "sha512-2H3RUvcmULO7dIE5EWJH8eubZAI4xw54H1ilJnRNZdeo8dTADEZ21w6J22XBkXqGJbe0+wnNJtw3UXRoLJnFEg=="
    },
    "@esbuild/win32-arm64@0.25.1": {
      "integrity": "sha512-GE7XvrdOzrb+yVKB9KsRMq+7a2U/K5Cf/8grVFRAGJmfADr/e/ODQ134RK2/eeHqYV5eQRFxb1hY7Nr15fv1NQ=="
    },
    "@esbuild/win32-ia32@0.25.1": {
      "integrity": "sha512-uOxSJCIcavSiT6UnBhBzE8wy3n0hOkJsBOzy7HDAuTDE++1DJMRRVCPGisULScHL+a/ZwdXPpXD3IyFKjA7K8A=="
    },
    "@esbuild/win32-x64@0.25.1": {
      "integrity": "sha512-Y1EQdcfwMSeQN/ujR5VayLOJ1BHaK+ssyk0AEzPjC+t1lITgsnccPqFjb6V+LsTp/9Iov4ysfjxLaGJ9RPtkVg=="
    },
    "@jridgewell/sourcemap-codec@1.5.0": {
      "integrity": "sha512-gv3ZRaISU3fjPAgNsriBRqGWQL6quFx04YMPW/zD8XMLsU32mhCCbfbO6KZFLjvYpCZ8zyDEgqsgf+PwPaM7GQ=="
    },
    "@rollup/rollup-android-arm-eabi@4.35.0": {
      "integrity": "sha512-uYQ2WfPaqz5QtVgMxfN6NpLD+no0MYHDBywl7itPYd3K5TjjSghNKmX8ic9S8NU8w81NVhJv/XojcHptRly7qQ=="
    },
    "@rollup/rollup-android-arm64@4.35.0": {
      "integrity": "sha512-FtKddj9XZudurLhdJnBl9fl6BwCJ3ky8riCXjEw3/UIbjmIY58ppWwPEvU3fNu+W7FUsAsB1CdH+7EQE6CXAPA=="
    },
    "@rollup/rollup-darwin-arm64@4.35.0": {
      "integrity": "sha512-Uk+GjOJR6CY844/q6r5DR/6lkPFOw0hjfOIzVx22THJXMxktXG6CbejseJFznU8vHcEBLpiXKY3/6xc+cBm65Q=="
    },
    "@rollup/rollup-darwin-x64@4.35.0": {
      "integrity": "sha512-3IrHjfAS6Vkp+5bISNQnPogRAW5GAV1n+bNCrDwXmfMHbPl5EhTmWtfmwlJxFRUCBZ+tZ/OxDyU08aF6NI/N5Q=="
    },
    "@rollup/rollup-freebsd-arm64@4.35.0": {
      "integrity": "sha512-sxjoD/6F9cDLSELuLNnY0fOrM9WA0KrM0vWm57XhrIMf5FGiN8D0l7fn+bpUeBSU7dCgPV2oX4zHAsAXyHFGcQ=="
    },
    "@rollup/rollup-freebsd-x64@4.35.0": {
      "integrity": "sha512-2mpHCeRuD1u/2kruUiHSsnjWtHjqVbzhBkNVQ1aVD63CcexKVcQGwJ2g5VphOd84GvxfSvnnlEyBtQCE5hxVVw=="
    },
    "@rollup/rollup-linux-arm-gnueabihf@4.35.0": {
      "integrity": "sha512-mrA0v3QMy6ZSvEuLs0dMxcO2LnaCONs1Z73GUDBHWbY8tFFocM6yl7YyMu7rz4zS81NDSqhrUuolyZXGi8TEqg=="
    },
    "@rollup/rollup-linux-arm-musleabihf@4.35.0": {
      "integrity": "sha512-DnYhhzcvTAKNexIql8pFajr0PiDGrIsBYPRvCKlA5ixSS3uwo/CWNZxB09jhIapEIg945KOzcYEAGGSmTSpk7A=="
    },
    "@rollup/rollup-linux-arm64-gnu@4.35.0": {
      "integrity": "sha512-uagpnH2M2g2b5iLsCTZ35CL1FgyuzzJQ8L9VtlJ+FckBXroTwNOaD0z0/UF+k5K3aNQjbm8LIVpxykUOQt1m/A=="
    },
    "@rollup/rollup-linux-arm64-musl@4.35.0": {
      "integrity": "sha512-XQxVOCd6VJeHQA/7YcqyV0/88N6ysSVzRjJ9I9UA/xXpEsjvAgDTgH3wQYz5bmr7SPtVK2TsP2fQ2N9L4ukoUg=="
    },
    "@rollup/rollup-linux-loongarch64-gnu@4.35.0": {
      "integrity": "sha512-5pMT5PzfgwcXEwOaSrqVsz/LvjDZt+vQ8RT/70yhPU06PTuq8WaHhfT1LW+cdD7mW6i/J5/XIkX/1tCAkh1W6g=="
    },
    "@rollup/rollup-linux-powerpc64le-gnu@4.35.0": {
      "integrity": "sha512-c+zkcvbhbXF98f4CtEIP1EBA/lCic5xB0lToneZYvMeKu5Kamq3O8gqrxiYYLzlZH6E3Aq+TSW86E4ay8iD8EA=="
    },
    "@rollup/rollup-linux-riscv64-gnu@4.35.0": {
      "integrity": "sha512-s91fuAHdOwH/Tad2tzTtPX7UZyytHIRR6V4+2IGlV0Cej5rkG0R61SX4l4y9sh0JBibMiploZx3oHKPnQBKe4g=="
    },
    "@rollup/rollup-linux-s390x-gnu@4.35.0": {
      "integrity": "sha512-hQRkPQPLYJZYGP+Hj4fR9dDBMIM7zrzJDWFEMPdTnTy95Ljnv0/4w/ixFw3pTBMEuuEuoqtBINYND4M7ujcuQw=="
    },
    "@rollup/rollup-linux-x64-gnu@4.35.0": {
      "integrity": "sha512-Pim1T8rXOri+0HmV4CdKSGrqcBWX0d1HoPnQ0uw0bdp1aP5SdQVNBy8LjYncvnLgu3fnnCt17xjWGd4cqh8/hA=="
    },
    "@rollup/rollup-linux-x64-musl@4.35.0": {
      "integrity": "sha512-QysqXzYiDvQWfUiTm8XmJNO2zm9yC9P/2Gkrwg2dH9cxotQzunBHYr6jk4SujCTqnfGxduOmQcI7c2ryuW8XVg=="
    },
    "@rollup/rollup-win32-arm64-msvc@4.35.0": {
      "integrity": "sha512-OUOlGqPkVJCdJETKOCEf1mw848ZyJ5w50/rZ/3IBQVdLfR5jk/6Sr5m3iO2tdPgwo0x7VcncYuOvMhBWZq8ayg=="
    },
    "@rollup/rollup-win32-ia32-msvc@4.35.0": {
      "integrity": "sha512-2/lsgejMrtwQe44glq7AFFHLfJBPafpsTa6JvP2NGef/ifOa4KBoglVf7AKN7EV9o32evBPRqfg96fEHzWo5kw=="
    },
    "@rollup/rollup-win32-x64-msvc@4.35.0": {
      "integrity": "sha512-PIQeY5XDkrOysbQblSW7v3l1MDZzkTEzAfTPkj5VAu3FW8fS4ynyLg2sINp0fp3SjZ8xkRYpLqoKcYqAkhU1dw=="
    },
    "@types/estree@1.0.6": {
      "integrity": "sha512-AYnb1nQyY49te+VRAVgmzfcgjYS91mY5P0TKUDCLEM+gNnA+3T6rWITXRLYCpahpqSQbN5cE+gHpnPyXjHWxcw=="
    },
    "@types/node@22.12.0": {
      "integrity": "sha512-Fll2FZ1riMjNmlmJOdAyY5pUbkftXslB5DgEzlIuNaiWhXd00FhWxVC/r4yV/4wBb9JfImTu+jiSvXTkJ7F/gA==",
      "dependencies": [
        "undici-types"
      ]
    },
    "@vitest/expect@3.0.8": {
      "integrity": "sha512-Xu6TTIavTvSSS6LZaA3EebWFr6tsoXPetOWNMOlc7LO88QVVBwq2oQWBoDiLCN6YTvNYsGSjqOO8CAdjom5DCQ==",
      "dependencies": [
        "@vitest/spy",
        "@vitest/utils",
        "chai",
        "tinyrainbow"
      ]
    },
    "@vitest/mocker@3.0.8_vite@6.2.2__@types+node@22.12.0_@types+node@22.12.0": {
      "integrity": "sha512-n3LjS7fcW1BCoF+zWZxG7/5XvuYH+lsFg+BDwwAz0arIwHQJFUEsKBQ0BLU49fCxuM/2HSeBPHQD8WjgrxMfow==",
      "dependencies": [
        "@vitest/spy",
        "estree-walker",
        "magic-string",
        "vite"
      ]
    },
    "@vitest/pretty-format@3.0.8": {
      "integrity": "sha512-BNqwbEyitFhzYMYHUVbIvepOyeQOSFA/NeJMIP9enMntkkxLgOcgABH6fjyXG85ipTgvero6noreavGIqfJcIg==",
      "dependencies": [
        "tinyrainbow"
      ]
    },
    "@vitest/runner@3.0.8": {
      "integrity": "sha512-c7UUw6gEcOzI8fih+uaAXS5DwjlBaCJUo7KJ4VvJcjL95+DSR1kova2hFuRt3w41KZEFcOEiq098KkyrjXeM5w==",
      "dependencies": [
        "@vitest/utils",
        "pathe"
      ]
    },
    "@vitest/snapshot@3.0.8": {
      "integrity": "sha512-x8IlMGSEMugakInj44nUrLSILh/zy1f2/BgH0UeHpNyOocG18M9CWVIFBaXPt8TrqVZWmcPjwfG/ht5tnpba8A==",
      "dependencies": [
        "@vitest/pretty-format",
        "magic-string",
        "pathe"
      ]
    },
    "@vitest/spy@3.0.8": {
      "integrity": "sha512-MR+PzJa+22vFKYb934CejhR4BeRpMSoxkvNoDit68GQxRLSf11aT6CTj3XaqUU9rxgWJFnqicN/wxw6yBRkI1Q==",
      "dependencies": [
        "tinyspy"
      ]
    },
    "@vitest/utils@3.0.8": {
      "integrity": "sha512-nkBC3aEhfX2PdtQI/QwAWp8qZWwzASsU4Npbcd5RdMPBSSLCpkZp52P3xku3s3uA0HIEhGvEcF8rNkBsz9dQ4Q==",
      "dependencies": [
        "@vitest/pretty-format",
        "loupe",
        "tinyrainbow"
      ]
    },
    "assertion-error@2.0.1": {
      "integrity": "sha512-Izi8RQcffqCeNVgFigKli1ssklIbpHnCYc6AknXGYoB6grJqyeby7jv12JUQgmTAnIDnbck1uxksT4dzN3PWBA=="
    },
    "cac@6.7.14": {
      "integrity": "sha512-b6Ilus+c3RrdDk+JhLKUAQfzzgLEPy6wcXqS7f/xe1EETvsDP6GORG7SFuOs6cID5YkqchW/LXZbX5bc8j7ZcQ=="
    },
    "chai@5.2.0": {
      "integrity": "sha512-mCuXncKXk5iCLhfhwTc0izo0gtEmpz5CtG2y8GiOINBlMVS6v8TMRc5TaLWKS6692m9+dVVfzgeVxR5UxWHTYw==",
      "dependencies": [
        "assertion-error",
        "check-error",
        "deep-eql",
        "loupe",
        "pathval"
      ]
    },
    "check-error@2.1.1": {
      "integrity": "sha512-OAlb+T7V4Op9OwdkjmguYRqncdlx5JiofwOAUkmTF+jNdHwzTaTs4sRAGpzLF3oOz5xAyDGrPgeIDFQmDOTiJw=="
    },
    "debug@4.4.0": {
      "integrity": "sha512-6WTZ/IxCY/T6BALoZHaE4ctp9xm+Z5kY/pzYaCHRFeyVhojxlrm+46y68HA6hr0TcwEssoxNiDEUJQjfPZ/RYA==",
      "dependencies": [
        "ms"
      ]
    },
    "deep-eql@5.0.2": {
      "integrity": "sha512-h5k/5U50IJJFpzfL6nO9jaaumfjO/f2NjK/oYB2Djzm4p9L+3T9qWpZqZ2hAbLPuuYq9wrU08WQyBTL5GbPk5Q=="
    },
    "es-module-lexer@1.6.0": {
      "integrity": "sha512-qqnD1yMU6tk/jnaMosogGySTZP8YtUgAffA9nMN+E/rjxcfRQ6IEk7IiozUjgxKoFHBGjTLnrHB/YC45r/59EQ=="
    },
    "esbuild@0.25.1": {
      "integrity": "sha512-BGO5LtrGC7vxnqucAe/rmvKdJllfGaYWdyABvyMoXQlfYMb2bbRuReWR5tEGE//4LcNJj9XrkovTqNYRFZHAMQ==",
      "dependencies": [
        "@esbuild/aix-ppc64",
        "@esbuild/android-arm",
        "@esbuild/android-arm64",
        "@esbuild/android-x64",
        "@esbuild/darwin-arm64",
        "@esbuild/darwin-x64",
        "@esbuild/freebsd-arm64",
        "@esbuild/freebsd-x64",
        "@esbuild/linux-arm",
        "@esbuild/linux-arm64",
        "@esbuild/linux-ia32",
        "@esbuild/linux-loong64",
        "@esbuild/linux-mips64el",
        "@esbuild/linux-ppc64",
        "@esbuild/linux-riscv64",
        "@esbuild/linux-s390x",
        "@esbuild/linux-x64",
        "@esbuild/netbsd-arm64",
        "@esbuild/netbsd-x64",
        "@esbuild/openbsd-arm64",
        "@esbuild/openbsd-x64",
        "@esbuild/sunos-x64",
        "@esbuild/win32-arm64",
        "@esbuild/win32-ia32",
        "@esbuild/win32-x64"
      ]
    },
    "estree-walker@3.0.3": {
      "integrity": "sha512-7RUKfXgSMMkzt6ZuXmqapOurLGPPfgj6l9uRZ7lRGolvk0y2yocc35LdcxKC5PQZdn2DMqioAQ2NoWcrTKmm6g==",
      "dependencies": [
        "@types/estree"
      ]
    },
    "expect-type@1.2.0": {
      "integrity": "sha512-80F22aiJ3GLyVnS/B3HzgR6RelZVumzj9jkL0Rhz4h0xYbNW9PjlQz5h3J/SShErbXBc295vseR4/MIbVmUbeA=="
    },
    "fsevents@2.3.3": {
      "integrity": "sha512-5xoDfX+fL7faATnagmWPpbFtwh/R77WmMMqqHGS65C3vvB0YHrgF+B1YmZ3441tMj5n63k0212XNoJwzlhffQw=="
    },
    "loupe@3.1.3": {
      "integrity": "sha512-kkIp7XSkP78ZxJEsSxW3712C6teJVoeHHwgo9zJ380de7IYyJ2ISlxojcH2pC5OFLewESmnRi/+XCDIEEVyoug=="
    },
    "magic-string@0.30.17": {
      "integrity": "sha512-sNPKHvyjVf7gyjwS4xGTaW/mCnF8wnjtifKBEhxfZ7E/S8tQ0rssrwGNn6q8JH/ohItJfSQp9mBtQYuTlH5QnA==",
      "dependencies": [
        "@jridgewell/sourcemap-codec"
      ]
    },
    "ms@2.1.3": {
      "integrity": "sha512-6FlzubTLZG3J2a/NVCAleEhjzq5oxgHyaCU9yYXvcLsvoVaHJq/s5xXI6/XXP6tz7R9xAOtHnSO/tXtF3WRTlA=="
    },
    "nanoid@3.3.10": {
      "integrity": "sha512-vSJJTG+t/dIKAUhUDw/dLdZ9s//5OxcHqLaDWWrW4Cdq7o6tdLIczUkMXt2MBNmk6sJRZBZRXVixs7URY1CmIg=="
    },
    "path-to-regexp@6.3.0": {
      "integrity": "sha512-Yhpw4T9C6hPpgPeA28us07OJeqZ5EzQTkbfwuhsUg0c237RomFoETJgmp2sa3F/41gfLE6G5cqcYwznmeEeOlQ=="
    },
    "pathe@2.0.3": {
      "integrity": "sha512-WUjGcAqP1gQacoQe+OBJsFA7Ld4DyXuUIjZ5cc75cLHvJ7dtNsTugphxIADwspS+AraAUePCKrSVtPLFj/F88w=="
    },
    "pathval@2.0.0": {
      "integrity": "sha512-vE7JKRyES09KiunauX7nd2Q9/L7lhok4smP9RZTDeD4MVs72Dp2qNFVz39Nz5a0FVEW0BJR6C0DYrq6unoziZA=="
    },
    "picocolors@1.1.1": {
      "integrity": "sha512-xceH2snhtb5M9liqDsmEw56le376mTZkEX/jEb/RxNFyegNul7eNslCXP9FDj/Lcu0X8KEyMceP2ntpaHrDEVA=="
    },
    "postcss@8.5.3": {
      "integrity": "sha512-dle9A3yYxlBSrt8Fu+IpjGT8SY8hN0mlaA6GY8t0P5PjIOZemULz/E2Bnm/2dcUOena75OTNkHI76uZBNUUq3A==",
      "dependencies": [
        "nanoid",
        "picocolors",
        "source-map-js"
      ]
    },
    "rollup@4.35.0": {
      "integrity": "sha512-kg6oI4g+vc41vePJyO6dHt/yl0Rz3Thv0kJeVQ3D1kS3E5XSuKbPc29G4IpT/Kv1KQwgHVcN+HtyS+HYLNSvQg==",
      "dependencies": [
        "@rollup/rollup-android-arm-eabi",
        "@rollup/rollup-android-arm64",
        "@rollup/rollup-darwin-arm64",
        "@rollup/rollup-darwin-x64",
        "@rollup/rollup-freebsd-arm64",
        "@rollup/rollup-freebsd-x64",
        "@rollup/rollup-linux-arm-gnueabihf",
        "@rollup/rollup-linux-arm-musleabihf",
        "@rollup/rollup-linux-arm64-gnu",
        "@rollup/rollup-linux-arm64-musl",
        "@rollup/rollup-linux-loongarch64-gnu",
        "@rollup/rollup-linux-powerpc64le-gnu",
        "@rollup/rollup-linux-riscv64-gnu",
        "@rollup/rollup-linux-s390x-gnu",
        "@rollup/rollup-linux-x64-gnu",
        "@rollup/rollup-linux-x64-musl",
        "@rollup/rollup-win32-arm64-msvc",
        "@rollup/rollup-win32-ia32-msvc",
        "@rollup/rollup-win32-x64-msvc",
        "@types/estree",
        "fsevents"
      ]
    },
    "siginfo@2.0.0": {
      "integrity": "sha512-ybx0WO1/8bSBLEWXZvEd7gMW3Sn3JFlW3TvX1nREbDLRNQNaeNN8WK0meBwPdAaOI7TtRRRJn/Es1zhrrCHu7g=="
    },
    "source-map-js@1.2.1": {
      "integrity": "sha512-UXWMKhLOwVKb728IUtQPXxfYU+usdybtUrK/8uGE8CQMvrhOpwvzDBwj0QhSL7MQc7vIsISBG8VQ8+IDQxpfQA=="
    },
    "stackback@0.0.2": {
      "integrity": "sha512-1XMJE5fQo1jGH6Y/7ebnwPOBEkIEnT4QF32d5R1+VXdXveM0IBMJt8zfaxX1P3QhVwrYe+576+jkANtSS2mBbw=="
    },
    "std-env@3.8.1": {
      "integrity": "sha512-vj5lIj3Mwf9D79hBkltk5qmkFI+biIKWS2IBxEyEU3AX1tUf7AoL8nSazCOiiqQsGKIq01SClsKEzweu34uwvA=="
    },
    "tinybench@2.9.0": {
      "integrity": "sha512-0+DUvqWMValLmha6lr4kD8iAMK1HzV0/aKnCtWb9v9641TnP/MFb7Pc2bxoxQjTXAErryXVgUOfv2YqNllqGeg=="
    },
    "tinyexec@0.3.2": {
      "integrity": "sha512-KQQR9yN7R5+OSwaK0XQoj22pwHoTlgYqmUscPYoknOoWCWfj/5/ABTMRi69FrKU5ffPVh5QcFikpWJI/P1ocHA=="
    },
    "tinypool@1.0.2": {
      "integrity": "sha512-al6n+QEANGFOMf/dmUMsuS5/r9B06uwlyNjZZql/zv8J7ybHCgoihBNORZCY2mzUuAnomQa2JdhyHKzZxPCrFA=="
    },
    "tinyrainbow@2.0.0": {
      "integrity": "sha512-op4nsTR47R6p0vMUUoYl/a+ljLFVtlfaXkLQmqfLR1qHma1h/ysYk4hEXZ880bf2CYgTskvTa/e196Vd5dDQXw=="
    },
    "tinyspy@3.0.2": {
      "integrity": "sha512-n1cw8k1k0x4pgA2+9XrOkFydTerNcJ1zWCO5Nn9scWHTD+5tp8dghT2x1uduQePZTZgd3Tupf+x9BxJjeJi77Q=="
    },
    "undici-types@6.20.0": {
      "integrity": "sha512-Ny6QZ2Nju20vw1SRHe3d9jVu6gJ+4e3+MMpqu7pqE5HT6WsTSlce++GQmK5UXS8mzV8DSYHrQH+Xrf2jVcuKNg=="
    },
    "vite-node@3.0.8_@types+node@22.12.0": {
      "integrity": "sha512-6PhR4H9VGlcwXZ+KWCdMqbtG649xCPZqfI9j2PsK1FcXgEzro5bGHcVKFCTqPLaNKZES8Evqv4LwvZARsq5qlg==",
      "dependencies": [
        "cac",
        "debug",
        "es-module-lexer",
        "pathe",
        "vite"
      ]
    },
    "vite@6.2.2_@types+node@22.12.0": {
      "integrity": "sha512-yW7PeMM+LkDzc7CgJuRLMW2Jz0FxMOsVJ8Lv3gpgW9WLcb9cTW+121UEr1hvmfR7w3SegR5ItvYyzVz1vxNJgQ==",
      "dependencies": [
        "@types/node",
        "esbuild",
        "fsevents",
        "postcss",
        "rollup"
      ]
    },
    "vitest@3.0.8_@types+node@22.12.0_vite@6.2.2__@types+node@22.12.0": {
      "integrity": "sha512-dfqAsNqRGUc8hB9OVR2P0w8PZPEckti2+5rdZip0WIz9WW0MnImJ8XiR61QhqLa92EQzKP2uPkzenKOAHyEIbA==",
      "dependencies": [
        "@types/node",
        "@vitest/expect",
        "@vitest/mocker",
        "@vitest/pretty-format",
        "@vitest/runner",
        "@vitest/snapshot",
        "@vitest/spy",
        "@vitest/utils",
        "chai",
        "debug",
        "expect-type",
        "magic-string",
        "pathe",
        "std-env",
        "tinybench",
        "tinyexec",
        "tinypool",
        "tinyrainbow",
        "vite",
        "vite-node",
        "why-is-node-running"
      ]
    },
    "why-is-node-running@2.3.0": {
      "integrity": "sha512-hUrmaWBdVDcxvYqnyh09zunKzROWjbZTiNy8dBEjkS7ehEDQibXJ7XvlmtbwuTclUiIyN+CyXQD4Vmko8fNm8w==",
      "dependencies": [
        "siginfo",
        "stackback"
      ]
    }
  },
  "redirects": {
    "https://deno.land/std/testing/asserts.ts": "https://deno.land/std@0.224.0/testing/asserts.ts"
  },
  "remote": {
    "https://deno.land/std@0.220.1/yaml/_dumper/dumper.ts": "08b595b40841a2e1c75303f5096392323b6baf8e9662430a91e3b36fbe175fe9",
    "https://deno.land/std@0.220.1/yaml/_dumper/dumper_state.ts": "9e29f700ea876ed230b43f11fa006fcb1a62eedc1e27d32baaeaf3210f19f1e7",
    "https://deno.land/std@0.220.1/yaml/_error.ts": "f38cdebdb69cde16903d9aa2f3b8a3dd9d13e5f7f3570bf662bfaca69fef669e",
    "https://deno.land/std@0.220.1/yaml/_loader/loader.ts": "bf9e8a99770b59bc887b43ebccea108cbe9146ae32d91f7ce558d62c946d3fe3",
    "https://deno.land/std@0.220.1/yaml/_loader/loader_state.ts": "ee216de6040551940b85473c3185fdb7a6f3030b77153f87a6b7f63f82e489ea",
    "https://deno.land/std@0.220.1/yaml/_mark.ts": "61097a614857fcebf7b2ecad057916d74c90cd160117a33c9e74bac60457410a",
    "https://deno.land/std@0.220.1/yaml/_state.ts": "f3b1c1fd11860302f1f33e35e9ce089bf069d4943e8d67516cd6bedbba058c13",
    "https://deno.land/std@0.220.1/yaml/_type/binary.ts": "f1a6e1d83dcc52b21cc3639cd98be44051cfc54065cc4f2a42065bce07ebc07d",
    "https://deno.land/std@0.220.1/yaml/_type/bool.ts": "121743b23ba82a27ad6a3ec6298c7f5b0908f90e52707f8644a91f7ad51ed2ef",
    "https://deno.land/std@0.220.1/yaml/_type/float.ts": "c5ed84b0aec1ec5dc05f6abfaaff672e8890d4d44a42120b4445c9754fca4eba",
    "https://deno.land/std@0.220.1/yaml/_type/function.ts": "bbf705058942bf3370604b37eb77a10aadd72f986c237c9f69b43378a42202c1",
    "https://deno.land/std@0.220.1/yaml/_type/int.ts": "c2dc88438a60fccc8d2226042bd18b9967753adaf6bd145feb8b99d567e432ce",
    "https://deno.land/std@0.220.1/yaml/_type/map.ts": "ae2acb1cb837fb8e96c75c98611cfd45af847d0114ab5336333c318e7d4b12f4",
    "https://deno.land/std@0.220.1/yaml/_type/merge.ts": "ad0d971f91d2fb9f4ab3eba0c837eae357b1804d6b798adc99dc917bc5306b11",
    "https://deno.land/std@0.220.1/yaml/_type/mod.ts": "e8929d7b1c969a74f76338d4eb380ef8c4a26cd6441117d521f076b766e9c265",
    "https://deno.land/std@0.220.1/yaml/_type/nil.ts": "cbe4387d02d5933322c21b25d8955c5e6228c492e391a6fb82dcf4f498cc421c",
    "https://deno.land/std@0.220.1/yaml/_type/omap.ts": "cda915105ab22ba9e1d6317adacee8eec2d8ddaf864cc2f814e3e476946e72c6",
    "https://deno.land/std@0.220.1/yaml/_type/pairs.ts": "dd39bb44c1b9abaf6172c63f73350475933151f07e05253b81f7860c9b507177",
    "https://deno.land/std@0.220.1/yaml/_type/regexp.ts": "e49eb9e1c9356fd142bc15f7f323820d411fcc537b5ba3896df9a8b812d270a4",
    "https://deno.land/std@0.220.1/yaml/_type/seq.ts": "2deffc7f970869bc01a1541b4961d076329a1c2b30b95e07918f3132db7c3fe2",
    "https://deno.land/std@0.220.1/yaml/_type/set.ts": "be8a9e7237a7ffc92dfbe7f5e552d84b7eeba60f3f73cc77fc3c59d3506c74ea",
    "https://deno.land/std@0.220.1/yaml/_type/str.ts": "88f0a1ba12295520cd57e96cd78d53aa0787d53c7a1c506155f418c496c2f550",
    "https://deno.land/std@0.220.1/yaml/_type/timestamp.ts": "277a41a40fb93c3b2b3f5c373bf11b0b7856cc6a7b919e8ea130755e4029edc5",
    "https://deno.land/std@0.220.1/yaml/_type/undefined.ts": "9d215953c65740f1764e0bdca021007573473f0c49e087f00d9ff02817ecfc97",
    "https://deno.land/std@0.220.1/yaml/_utils.ts": "91bbe28b5e7000b9594e40ff5353f8fe7a7ba914eec917e1202cbaf5ac931c58",
    "https://deno.land/std@0.220.1/yaml/mod.ts": "54e9bfad77c8cd58f49b65f4d568045ff08989ed36318a2ca733a43cb6f1bc00",
    "https://deno.land/std@0.220.1/yaml/parse.ts": "f45278d9ebccb789af4eceeffa5c291e194bcf1fa9aab1b34ff52c2bd4a9d886",
    "https://deno.land/std@0.220.1/yaml/schema.ts": "a0f7956d997852b5d1c6564bd73eb7352175cfba439707ac819b65b5a2ec173a",
    "https://deno.land/std@0.220.1/yaml/schema/core.ts": "1222f9401e2a0c1d38e63d753da98be333e61a6032335e9c46a68bd45ecce85a",
    "https://deno.land/std@0.220.1/yaml/schema/default.ts": "b77c71cfd453951dd828e5f2f02f9f37335c9c0a49c8051d1a9653fa82357740",
    "https://deno.land/std@0.220.1/yaml/schema/extended.ts": "996da59626409047b5c1a2d68bdbeead43914cedede47c5923e80ae4febe7d24",
    "https://deno.land/std@0.220.1/yaml/schema/failsafe.ts": "24b2b630cef6fcce7de6d29db651523b0f49e5691d690931c42ecf4823837fdb",
    "https://deno.land/std@0.220.1/yaml/schema/json.ts": "0fb9268282d266c24d963e75ef77f51accbbb74f40713a99e83ad621a81bc9ae",
    "https://deno.land/std@0.220.1/yaml/schema/mod.ts": "9bf7ff80c2a246f781bdcab979211d0389760831a974cf5883bf2016567e3507",
    "https://deno.land/std@0.220.1/yaml/stringify.ts": "580f8b2fa56e3233424520d8242f4fc0edf41ac54a6a6d2f6f8e0b6e99cd63c0",
    "https://deno.land/std@0.220.1/yaml/type.ts": "708dde5f20b01cc1096489b7155b6af79a217d585afb841128e78c3c2391eb5c",
    "https://deno.land/std@0.224.0/assert/_constants.ts": "a271e8ef5a573f1df8e822a6eb9d09df064ad66a4390f21b3e31f820a38e0975",
    "https://deno.land/std@0.224.0/assert/assert.ts": "09d30564c09de846855b7b071e62b5974b001bb72a4b797958fe0660e7849834",
    "https://deno.land/std@0.224.0/assert/assert_almost_equals.ts": "9e416114322012c9a21fa68e187637ce2d7df25bcbdbfd957cd639e65d3cf293",
    "https://deno.land/std@0.224.0/assert/assert_array_includes.ts": "14c5094471bc8e4a7895fc6aa5a184300d8a1879606574cb1cd715ef36a4a3c7",
    "https://deno.land/std@0.224.0/assert/assert_equals.ts": "3bbca947d85b9d374a108687b1a8ba3785a7850436b5a8930d81f34a32cb8c74",
    "https://deno.land/std@0.224.0/assert/assert_exists.ts": "43420cf7f956748ae6ed1230646567b3593cb7a36c5a5327269279c870c5ddfd",
    "https://deno.land/std@0.224.0/assert/assert_false.ts": "3e9be8e33275db00d952e9acb0cd29481a44fa0a4af6d37239ff58d79e8edeff",
    "https://deno.land/std@0.224.0/assert/assert_greater.ts": "5e57b201fd51b64ced36c828e3dfd773412c1a6120c1a5a99066c9b261974e46",
    "https://deno.land/std@0.224.0/assert/assert_greater_or_equal.ts": "9870030f997a08361b6f63400273c2fb1856f5db86c0c3852aab2a002e425c5b",
    "https://deno.land/std@0.224.0/assert/assert_instance_of.ts": "e22343c1fdcacfaea8f37784ad782683ec1cf599ae9b1b618954e9c22f376f2c",
    "https://deno.land/std@0.224.0/assert/assert_is_error.ts": "f856b3bc978a7aa6a601f3fec6603491ab6255118afa6baa84b04426dd3cc491",
    "https://deno.land/std@0.224.0/assert/assert_less.ts": "60b61e13a1982865a72726a5fa86c24fad7eb27c3c08b13883fb68882b307f68",
    "https://deno.land/std@0.224.0/assert/assert_less_or_equal.ts": "d2c84e17faba4afe085e6c9123a63395accf4f9e00150db899c46e67420e0ec3",
    "https://deno.land/std@0.224.0/assert/assert_match.ts": "ace1710dd3b2811c391946954234b5da910c5665aed817943d086d4d4871a8b7",
    "https://deno.land/std@0.224.0/assert/assert_not_equals.ts": "78d45dd46133d76ce624b2c6c09392f6110f0df9b73f911d20208a68dee2ef29",
    "https://deno.land/std@0.224.0/assert/assert_not_instance_of.ts": "3434a669b4d20cdcc5359779301a0588f941ffdc2ad68803c31eabdb4890cf7a",
    "https://deno.land/std@0.224.0/assert/assert_not_match.ts": "df30417240aa2d35b1ea44df7e541991348a063d9ee823430e0b58079a72242a",
    "https://deno.land/std@0.224.0/assert/assert_not_strict_equals.ts": "37f73880bd672709373d6dc2c5f148691119bed161f3020fff3548a0496f71b8",
    "https://deno.land/std@0.224.0/assert/assert_object_match.ts": "411450fd194fdaabc0089ae68f916b545a49d7b7e6d0026e84a54c9e7eed2693",
    "https://deno.land/std@0.224.0/assert/assert_rejects.ts": "4bee1d6d565a5b623146a14668da8f9eb1f026a4f338bbf92b37e43e0aa53c31",
    "https://deno.land/std@0.224.0/assert/assert_strict_equals.ts": "b4f45f0fd2e54d9029171876bd0b42dd9ed0efd8f853ab92a3f50127acfa54f5",
    "https://deno.land/std@0.224.0/assert/assert_string_includes.ts": "496b9ecad84deab72c8718735373feb6cdaa071eb91a98206f6f3cb4285e71b8",
    "https://deno.land/std@0.224.0/assert/assert_throws.ts": "c6508b2879d465898dab2798009299867e67c570d7d34c90a2d235e4553906eb",
    "https://deno.land/std@0.224.0/assert/assertion_error.ts": "ba8752bd27ebc51f723702fac2f54d3e94447598f54264a6653d6413738a8917",
    "https://deno.land/std@0.224.0/assert/equal.ts": "bddf07bb5fc718e10bb72d5dc2c36c1ce5a8bdd3b647069b6319e07af181ac47",
    "https://deno.land/std@0.224.0/assert/fail.ts": "0eba674ffb47dff083f02ced76d5130460bff1a9a68c6514ebe0cdea4abadb68",
    "https://deno.land/std@0.224.0/assert/mod.ts": "48b8cb8a619ea0b7958ad7ee9376500fe902284bb36f0e32c598c3dc34cbd6f3",
    "https://deno.land/std@0.224.0/assert/unimplemented.ts": "8c55a5793e9147b4f1ef68cd66496b7d5ba7a9e7ca30c6da070c1a58da723d73",
    "https://deno.land/std@0.224.0/assert/unreachable.ts": "5ae3dbf63ef988615b93eb08d395dda771c96546565f9e521ed86f6510c29e19",
    "https://deno.land/std@0.224.0/fmt/colors.ts": "508563c0659dd7198ba4bbf87e97f654af3c34eb56ba790260f252ad8012e1c5",
    "https://deno.land/std@0.224.0/internal/diff.ts": "6234a4b493ebe65dc67a18a0eb97ef683626a1166a1906232ce186ae9f65f4e6",
    "https://deno.land/std@0.224.0/internal/format.ts": "0a98ee226fd3d43450245b1844b47003419d34d210fa989900861c79820d21c2",
    "https://deno.land/std@0.224.0/internal/mod.ts": "534125398c8e7426183e12dc255bb635d94e06d0f93c60a297723abe69d3b22e",
    "https://deno.land/std@0.224.0/testing/asserts.ts": "d0cdbabadc49cc4247a50732ee0df1403fdcd0f95360294ad448ae8c240f3f5c"
  },
  "workspace": {
    "dependencies": [
      "jsr:@oak/oak@^17.1.4",
      "jsr:@std/assert@^1.0.11",
      "jsr:@std/fmt@^1.0.6",
      "jsr:@std/media-types@^1.1.0",
      "jsr:@std/yaml@^1.0.5",
      "npm:@deno/kv@0.10"
    ]
  }
}
